// !$*UTF8*$!
{
	archiveVersion = 1;
	classes = {
	};
	objectVersion = 46;
	objects = {

/* Begin PBXBuildFile section */
		C898CB9D1CE5428D005B2D7A /* AppDelegate.swift in Sources */ = {isa = PBXBuildFile; fileRef = C898CB9C1CE5428D005B2D7A /* AppDelegate.swift */; };
		C898CB9F1CE5428D005B2D7A /* ViewController.swift in Sources */ = {isa = PBXBuildFile; fileRef = C898CB9E1CE5428D005B2D7A /* ViewController.swift */; };
		C898CBA21CE5428D005B2D7A /* Main.storyboard in Resources */ = {isa = PBXBuildFile; fileRef = C898CBA01CE5428D005B2D7A /* Main.storyboard */; };
		C898CBA41CE5428D005B2D7A /* Assets.xcassets in Resources */ = {isa = PBXBuildFile; fileRef = C898CBA31CE5428D005B2D7A /* Assets.xcassets */; };
		C898CBA71CE5428D005B2D7A /* LaunchScreen.storyboard in Resources */ = {isa = PBXBuildFile; fileRef = C898CBA51CE5428D005B2D7A /* LaunchScreen.storyboard */; };
/* End PBXBuildFile section */

/* Begin PBXFileReference section */
		C898CB991CE5428D005B2D7A /* Selfigram.app */ = {isa = PBXFileReference; explicitFileType = wrapper.application; includeInIndex = 0; path = Selfigram.app; sourceTree = BUILT_PRODUCTS_DIR; };
		C898CB9C1CE5428D005B2D7A /* AppDelegate.swift */ = {isa = PBXFileReference; lastKnownFileType = sourcecode.swift; path = AppDelegate.swift; sourceTree = "<group>"; };
		C898CB9E1CE5428D005B2D7A /* ViewController.swift */ = {isa = PBXFileReference; lastKnownFileType = sourcecode.swift; path = ViewController.swift; sourceTree = "<group>"; };
		C898CBA11CE5428D005B2D7A /* Base */ = {isa = PBXFileReference; lastKnownFileType = file.storyboard; name = Base; path = Base.lproj/Main.storyboard; sourceTree = "<group>"; };
		C898CBA31CE5428D005B2D7A /* Assets.xcassets */ = {isa = PBXFileReference; lastKnownFileType = folder.assetcatalog; path = Assets.xcassets; sourceTree = "<group>"; };
		C898CBA61CE5428D005B2D7A /* Base */ = {isa = PBXFileReference; lastKnownFileType = file.storyboard; name = Base; path = Base.lproj/LaunchScreen.storyboard; sourceTree = "<group>"; };
		C898CBA81CE5428D005B2D7A /* Info.plist */ = {isa = PBXFileReference; lastKnownFileType = text.plist.xml; path = Info.plist; sourceTree = "<group>"; };
/* End PBXFileReference section */

/* Begin PBXFrameworksBuildPhase section */
		C898CB961CE5428D005B2D7A /* Frameworks */ = {
			isa = PBXFrameworksBuildPhase;
			buildActionMask = 2147483647;
			files = (
			);
			runOnlyForDeploymentPostprocessing = 0;
		};
/* End PBXFrameworksBuildPhase section */

/* Begin PBXGroup section */
		C898CB901CE5428D005B2D7A = {
			isa = PBXGroup;
			children = (
				C898CB9B1CE5428D005B2D7A /* Selfigram */,
				C898CB9A1CE5428D005B2D7A /* Products */,
			);
			sourceTree = "<group>";
		};
		C898CB9A1CE5428D005B2D7A /* Products */ = {
			isa = PBXGroup;
			children = (
				C898CB991CE5428D005B2D7A /* Selfigram.app */,
			);
			name = Products;
			sourceTree = "<group>";
		};
		C898CB9B1CE5428D005B2D7A /* Selfigram */ = {
			isa = PBXGroup;
			children = (
				C898CB9C1CE5428D005B2D7A /* AppDelegate.swift */,
				C898CB9E1CE5428D005B2D7A /* ViewController.swift */,
				C898CBA01CE5428D005B2D7A /* Main.storyboard */,
				C898CBA31CE5428D005B2D7A /* Assets.xcassets */,
				C898CBA51CE5428D005B2D7A /* LaunchScreen.storyboard */,
				C898CBA81CE5428D005B2D7A /* Info.plist */,
			);
			path = Selfigram;
			sourceTree = "<group>";
		};
/* End PBXGroup section */

/* Begin PBXNativeTarget section */
		C898CB981CE5428D005B2D7A /* Selfigram */ = {
			isa = PBXNativeTarget;
			buildConfigurationList = C898CBAB1CE5428D005B2D7A /* Build configuration list for PBXNativeTarget "Selfigram" */;
			buildPhases = (
				C898CB951CE5428D005B2D7A /* Sources */,
				C898CB961CE5428D005B2D7A /* Frameworks */,
				C898CB971CE5428D005B2D7A /* Resources */,
			);
			buildRules = (
			);
			dependencies = (
			);
			name = Selfigram;
			productName = Selfigram;
			productReference = C898CB991CE5428D005B2D7A /* Selfigram.app */;
			productType = "com.apple.product-type.application";
		};
/* End PBXNativeTarget section */

/* Begin PBXProject section */
		C898CB911CE5428D005B2D7A /* Project object */ = {
			isa = PBXProject;
			attributes = {
				LastSwiftUpdateCheck = 0730;
				LastUpgradeCheck = 0730;
				ORGANIZATIONNAME = AppWrighter;
				TargetAttributes = {
					C898CB981CE5428D005B2D7A = {
						CreatedOnToolsVersion = 7.3.1;
					};
				};
			};
			buildConfigurationList = C898CB941CE5428D005B2D7A /* Build configuration list for PBXProject "Selfigram" */;
			compatibilityVersion = "Xcode 3.2";
			developmentRegion = English;
			hasScannedForEncodings = 0;
			knownRegions = (
				en,
				Base,
			);
			mainGroup = C898CB901CE5428D005B2D7A;
			productRefGroup = C898CB9A1CE5428D005B2D7A /* Products */;
			projectDirPath = "";
			projectRoot = "";
			targets = (
				C898CB981CE5428D005B2D7A /* Selfigram */,
			);
		};
/* End PBXProject section */

/* Begin PBXResourcesBuildPhase section */
		C898CB971CE5428D005B2D7A /* Resources */ = {
			isa = PBXResourcesBuildPhase;
			buildActionMask = 2147483647;
			files = (
				C898CBA71CE5428D005B2D7A /* LaunchScreen.storyboard in Resources */,
				C898CBA41CE5428D005B2D7A /* Assets.xcassets in Resources */,
				C898CBA21CE5428D005B2D7A /* Main.storyboard in Resources */,
			);
			runOnlyForDeploymentPostprocessing = 0;
		};
/* End PBXResourcesBuildPhase section */

/* Begin PBXSourcesBuildPhase section */
		C898CB951CE5428D005B2D7A /* Sources */ = {
			isa = PBXSourcesBuildPhase;
			buildActionMask = 2147483647;
			files = (
				C898CB9F1CE5428D005B2D7A /* ViewController.swift in Sources */,
				C898CB9D1CE5428D005B2D7A /* AppDelegate.swift in Sources */,
			);
			runOnlyForDeploymentPostprocessing = 0;
		};
/* End PBXSourcesBuildPhase section */

/* Begin PBXVariantGroup section */
		C898CBA01CE5428D005B2D7A /* Main.storyboard */ = {
			isa = PBXVariantGroup;
			children = (
				C898CBA11CE5428D005B2D7A /* Base */,
			);
			name = Main.storyboard;
			sourceTree = "<group>";
		};
		C898CBA51CE5428D005B2D7A /* LaunchScreen.storyboard */ = {
			isa = PBXVariantGroup;
			children = (
				C898CBA61CE5428D005B2D7A /* Base */,
			);
			name = LaunchScreen.storyboard;
			sourceTree = "<group>";
		};
/* End PBXVariantGroup section */

/* Begin XCBuildConfiguration section */
		C898CBA91CE5428D005B2D7A /* Debug */ = {
			isa = XCBuildConfiguration;
			buildSettings = {
				ALWAYS_SEARCH_USER_PATHS = NO;
				CLANG_ANALYZER_NONNULL = YES;
				CLANG_CXX_LANGUAGE_STANDARD = "gnu++0x";
				CLANG_CXX_LIBRARY = "libc++";
				CLANG_ENABLE_MODULES = YES;
				CLANG_ENABLE_OBJC_ARC = YES;
				CLANG_WARN_BOOL_CONVERSION = YES;
				CLANG_WARN_CONSTANT_CONVERSION = YES;
				CLANG_WARN_DIRECT_OBJC_ISA_USAGE = YES_ERROR;
				CLANG_WARN_EMPTY_BODY = YES;
				CLANG_WARN_ENUM_CONVERSION = YES;
				CLANG_WARN_INT_CONVERSION = YES;
				CLANG_WARN_OBJC_ROOT_CLASS = YES_ERROR;
				CLANG_WARN_UNREACHABLE_CODE = YES;
				CLANG_WARN__DUPLICATE_METHOD_MATCH = YES;
				"CODE_SIGN_IDENTITY[sdk=iphoneos*]" = "iPhone Developer";
				COPY_PHASE_STRIP = NO;
				DEBUG_INFORMATION_FORMAT = dwarf;
				ENABLE_STRICT_OBJC_MSGSEND = YES;
				ENABLE_TESTABILITY = YES;
				GCC_C_LANGUAGE_STANDARD = gnu99;
				GCC_DYNAMIC_NO_PIC = NO;
				GCC_NO_COMMON_BLOCKS = YES;
				GCC_OPTIMIZATION_LEVEL = 0;
				GCC_PREPROCESSOR_DEFINITIONS = (
					"DEBUG=1",
					"$(inherited)",
				);
				GCC_WARN_64_TO_32_BIT_CONVERSION = YES;
				GCC_WARN_ABOUT_RETURN_TYPE = YES_ERROR;
				GCC_WARN_UNDECLARED_SELECTOR = YES;
				GCC_WARN_UNINITIALIZED_AUTOS = YES_AGGRESSIVE;
				GCC_WARN_UNUSED_FUNCTION = YES;
				GCC_WARN_UNUSED_VARIABLE = YES;
				IPHONEOS_DEPLOYMENT_TARGET = 9.3;
				MTL_ENABLE_DEBUG_INFO = YES;
				ONLY_ACTIVE_ARCH = YES;
				SDKROOT = iphoneos;
				SWIFT_OPTIMIZATION_LEVEL = "-Onone";
			};
			name = Debug;
		};
		C898CBAA1CE5428D005B2D7A /* Release */ = {
			isa = XCBuildConfiguration;
			buildSettings = {
				ALWAYS_SEARCH_USER_PATHS = NO;
				CLANG_ANALYZER_NONNULL = YES;
				CLANG_CXX_LANGUAGE_STANDARD = "gnu++0x";
				CLANG_CXX_LIBRARY = "libc++";
				CLANG_ENABLE_MODULES = YES;
				CLANG_ENABLE_OBJC_ARC = YES;
				CLANG_WARN_BOOL_CONVERSION = YES;
				CLANG_WARN_CONSTANT_CONVERSION = YES;
				CLANG_WARN_DIRECT_OBJC_ISA_USAGE = YES_ERROR;
				CLANG_WARN_EMPTY_BODY = YES;
				CLANG_WARN_ENUM_CONVERSION = YES;
				CLANG_WARN_INT_CONVERSION = YES;
				CLANG_WARN_OBJC_ROOT_CLASS = YES_ERROR;
				CLANG_WARN_UNREACHABLE_CODE = YES;
				CLANG_WARN__DUPLICATE_METHOD_MATCH = YES;
				"CODE_SIGN_IDENTITY[sdk=iphoneos*]" = "iPhone Developer";
				COPY_PHASE_STRIP = NO;
				DEBUG_INFORMATION_FORMAT = "dwarf-with-dsym";
				ENABLE_NS_ASSERTIONS = NO;
				ENABLE_STRICT_OBJC_MSGSEND = YES;
				GCC_C_LANGUAGE_STANDARD = gnu99;
				GCC_NO_COMMON_BLOCKS = YES;
				GCC_WARN_64_TO_32_BIT_CONVERSION = YES;
				GCC_WARN_ABOUT_RETURN_TYPE = YES_ERROR;
				GCC_WARN_UNDECLARED_SELECTOR = YES;
				GCC_WARN_UNINITIALIZED_AUTOS = YES_AGGRESSIVE;
				GCC_WARN_UNUSED_FUNCTION = YES;
				GCC_WARN_UNUSED_VARIABLE = YES;
				IPHONEOS_DEPLOYMENT_TARGET = 9.3;
				MTL_ENABLE_DEBUG_INFO = NO;
				SDKROOT = iphoneos;
				VALIDATE_PRODUCT = YES;
			};
			name = Release;
		};
		C898CBAC1CE5428D005B2D7A /* Debug */ = {
			isa = XCBuildConfiguration;
			buildSettings = {
				ASSETCATALOG_COMPILER_APPICON_NAME = AppIcon;
				INFOPLIST_FILE = Selfigram/Info.plist;
				LD_RUNPATH_SEARCH_PATHS = "$(inherited) @executable_path/Frameworks";
				PRODUCT_BUNDLE_IDENTIFIER = com.appwrighter.Selfigram;
				PRODUCT_NAME = "$(TARGET_NAME)";
			};
			name = Debug;
		};
		C898CBAD1CE5428D005B2D7A /* Release */ = {
			isa = XCBuildConfiguration;
			buildSettings = {
				ASSETCATALOG_COMPILER_APPICON_NAME = AppIcon;
				INFOPLIST_FILE = Selfigram/Info.plist;
				LD_RUNPATH_SEARCH_PATHS = "$(inherited) @executable_path/Frameworks";
				PRODUCT_BUNDLE_IDENTIFIER = com.appwrighter.Selfigram;
				PRODUCT_NAME = "$(TARGET_NAME)";
			};
			name = Release;
		};
/* End XCBuildConfiguration section */

/* Begin XCConfigurationList section */
		C898CB941CE5428D005B2D7A /* Build configuration list for PBXProject "Selfigram" */ = {
			isa = XCConfigurationList;
			buildConfigurations = (
				C898CBA91CE5428D005B2D7A /* Debug */,
				C898CBAA1CE5428D005B2D7A /* Release */,
			);
			defaultConfigurationIsVisible = 0;
			defaultConfigurationName = Release;
		};
		C898CBAB1CE5428D005B2D7A /* Build configuration list for PBXNativeTarget "Selfigram" */ = {
			isa = XCConfigurationList;
			buildConfigurations = (
				C898CBAC1CE5428D005B2D7A /* Debug */,
				C898CBAD1CE5428D005B2D7A /* Release */,
			);
			defaultConfigurationIsVisible = 0;
		};
/* End XCConfigurationList section */
	};
	rootObject = C898CB911CE5428D005B2D7A /* Project object */;
}
